# @generated - this file is auto-generated by `mise lock` https://mise.jdx.dev/dev-tools/mise-lock.html

lockfile_version = 1

[[tools.dotnet]]
version = "10.0.400"
backend = "core:dotnet"
specifiers = ["latest"]

[[tools.java]]
version = "zulu-21.52.203.0"
backend = "core:java"
specifiers = ["zulu-21"]

[tools.java."platforms.linux-x64"]
checksum = "sha256:db0c11e13b545e64d520b4821f4ca38ea9bc1c515924eb1e7f48435df101f183"
url = "https://cdn.azul.com/zulu/bin/zulu21.52.203-ca-jdk21.0.12.1-linux_x64.tar.gz"

[tools.java."platforms.macos-arm64"]
checksum = "sha256:042093e0895c940a02d68e727bc37b59f3958e58aa1463ec9080845d77af0a45"
url = "https://cdn.azul.com/zulu/bin/zulu21.52.203-ca-jdk21.0.12.1-macosx_aarch64.tar.gz"

[[tools."npm:npm"]]
version = "12.0.2"
backend = "npm:npm"
specifiers = ["latest"]
