# @generated - this file is auto-generated by `mise lock` https://mise.jdx.dev/dev-tools/mise-lock.html

lockfile_version = 1

[[tools.copilot]]
version = "1.0.80"
backend = "aqua:github/copilot-cli"
specifiers = ["latest"]

[tools.copilot."platforms.linux-x64"]
checksum = "sha256:039933c9247686131c4406abb1d439bdbf68103edc1ff585bd70d5b0dc940f72"
url = "https://github.com/github/copilot-cli/releases/download/v1.0.80/copilot-linux-x64.tar.gz"
url_api = "https://api.github.com/repos/github/copilot-cli/releases/assets/513805772"

[tools.copilot."platforms.macos-arm64"]
checksum = "sha256:2346bb691981c2997d65c1c5bc3cef1aeddc9edd37dcb2f970b911aa597e59f6"
url = "https://github.com/github/copilot-cli/releases/download/v1.0.80/copilot-darwin-arm64.tar.gz"
url_api = "https://api.github.com/repos/github/copilot-cli/releases/assets/513805591"

[[tools.rtk]]
version = "0.45.0"
backend = "aqua:rtk-ai/rtk"
specifiers = ["latest"]

[tools.rtk."platforms.linux-x64"]
checksum = "sha256:c4c036fbf181fc55ef329786c8c17e0d427972b053b825944d968a6aafef1ba4"
url = "https://github.com/rtk-ai/rtk/releases/download/v0.45.0/rtk-x86_64-unknown-linux-musl.tar.gz"
url_api = "https://api.github.com/repos/rtk-ai/rtk/releases/assets/504971573"

[tools.rtk."platforms.macos-arm64"]
checksum = "sha256:064151cfc2d50b24d810b06a0af2e41b9c945e83534e4c438c3d3eae607fc3f4"
url = "https://github.com/rtk-ai/rtk/releases/download/v0.45.0/rtk-aarch64-apple-darwin.tar.gz"
url_api = "https://api.github.com/repos/rtk-ai/rtk/releases/assets/504971576"
